
Microsoft Visual Studio Solution File, Format Version 12.00
# Visual Studio 15
VisualStudioVersion = 15.0.27130.2010
MinimumVisualStudioVersion = 10.0.40219.1
Project("{FAE04EC0-301F-11D3-BF4B-00C04F79EFBC}") = "HaberinMerkezi.Core", "HaberMerkezi.Core\HaberinMerkezi.Core.csproj", "{41F296F2-32AD-4CAC-B88A-9B54267B8BF6}"
EndProject
Project("{FAE04EC0-301F-11D3-BF4B-00C04F79EFBC}") = "HaberMerkezi.Service", "HaberMerkezi.Service\HaberMerkezi.Service.csproj", "{A52530E0-50C5-43F0-9EBD-7D5E248BAA4B}"
EndProject
Project("{FAE04EC0-301F-11D3-BF4B-00C04F79EFBC}") = "HaberinMerkezi.Data", "HaberinMerkezi.Data\HaberinMerkezi.Data.csproj", "{68551B3C-E4DD-4DFD-9C22-6FBB1157F526}"
EndProject
Project("{FAE04EC0-301F-11D3-BF4B-00C04F79EFBC}") = "HaberinMerkezi.Admin", "HaberinMerkezi.Admin\HaberinMerkezi.Admin.csproj", "{72E88E2E-C611-45AD-B0FB-ED3FECA1ECA7}"
EndProject
Global
	GlobalSection(SolutionConfigurationPlatforms) = preSolution
		Debug|Any CPU = Debug|Any CPU
		Release|Any CPU = Release|Any CPU
	EndGlobalSection
	GlobalSection(ProjectConfigurationPlatforms) = postSolution
		{41F296F2-32AD-4CAC-B88A-9B54267B8BF6}.Debug|Any CPU.ActiveCfg = Debug|Any CPU
		{41F296F2-32AD-4CAC-B88A-9B54267B8BF6}.Debug|Any CPU.Build.0 = Debug|Any CPU
		{41F296F2-32AD-4CAC-B88A-9B54267B8BF6}.Release|Any CPU.ActiveCfg = Release|Any CPU
		{41F296F2-32AD-4CAC-B88A-9B54267B8BF6}.Release|Any CPU.Build.0 = Release|Any CPU
		{A52530E0-50C5-43F0-9EBD-7D5E248BAA4B}.Debug|Any CPU.ActiveCfg = Debug|Any CPU
		{A52530E0-50C5-43F0-9EBD-7D5E248BAA4B}.Debug|Any CPU.Build.0 = Debug|Any CPU
		{A52530E0-50C5-43F0-9EBD-7D5E248BAA4B}.Release|Any CPU.ActiveCfg = Release|Any CPU
		{A52530E0-50C5-43F0-9EBD-7D5E248BAA4B}.Release|Any CPU.Build.0 = Release|Any CPU
		{68551B3C-E4DD-4DFD-9C22-6FBB1157F526}.Debug|Any CPU.ActiveCfg = Debug|Any CPU
		{68551B3C-E4DD-4DFD-9C22-6FBB1157F526}.Debug|Any CPU.Build.0 = Debug|Any CPU
		{68551B3C-E4DD-4DFD-9C22-6FBB1157F526}.Release|Any CPU.ActiveCfg = Release|Any CPU
		{68551B3C-E4DD-4DFD-9C22-6FBB1157F526}.Release|Any CPU.Build.0 = Release|Any CPU
		{72E88E2E-C611-45AD-B0FB-ED3FECA1ECA7}.Debug|Any CPU.ActiveCfg = Debug|Any CPU
		{72E88E2E-C611-45AD-B0FB-ED3FECA1ECA7}.Debug|Any CPU.Build.0 = Debug|Any CPU
		{72E88E2E-C611-45AD-B0FB-ED3FECA1ECA7}.Release|Any CPU.ActiveCfg = Release|Any CPU
		{72E88E2E-C611-45AD-B0FB-ED3FECA1ECA7}.Release|Any CPU.Build.0 = Release|Any CPU
	EndGlobalSection
	GlobalSection(SolutionProperties) = preSolution
		HideSolutionNode = FALSE
	EndGlobalSection
	GlobalSection(ExtensibilityGlobals) = postSolution
		SolutionGuid = {640ECDDA-E259-4A4A-B3FA-359CCC4CCCE9}
	EndGlobalSection
EndGlobal
